
Microsoft Visual Studio Solution File, Format Version 12.00
# Visual Studio 15
VisualStudioVersion = 15.0.26730.16
MinimumVisualStudioVersion = 10.0.40219.1
Project("{FAE04EC0-301F-11D3-BF4B-00C04F79EFBC}") = "GlbXWebService", "GlbXWebService\GlbXWebService.csproj", "{B3FEF769-54E9-4DD0-BCAD-6F834DE12DCD}"
EndProject
Global
	GlobalSection(SolutionConfigurationPlatforms) = preSolution
		Debug|Any CPU = Debug|Any CPU
		Release|Any CPU = Release|Any CPU
	EndGlobalSection
	GlobalSection(ProjectConfigurationPlatforms) = postSolution
		{B3FEF769-54E9-4DD0-BCAD-6F834DE12DCD}.Debug|Any CPU.ActiveCfg = Debug|Any CPU
		{B3FEF769-54E9-4DD0-BCAD-6F834DE12DCD}.Debug|Any CPU.Build.0 = Debug|Any CPU
		{B3FEF769-54E9-4DD0-BCAD-6F834DE12DCD}.Release|Any CPU.ActiveCfg = Release|Any CPU
		{B3FEF769-54E9-4DD0-BCAD-6F834DE12DCD}.Release|Any CPU.Build.0 = Release|Any CPU
	EndGlobalSection
	GlobalSection(SolutionProperties) = preSolution
		HideSolutionNode = FALSE
	EndGlobalSection
	GlobalSection(ExtensibilityGlobals) = postSolution
		SolutionGuid = {891C73B4-ADF1-4FD6-A9F0-A1EFF4379F68}
	EndGlobalSection
EndGlobal
